
Microsoft Visual Studio Solution File, Format Version 12.00
# Visual Studio Version 16
VisualStudioVersion = 16.0.29418.71
MinimumVisualStudioVersion = 10.0.40219.1
Project("{FAE04EC0-301F-11D3-BF4B-00C04F79EFBC}") = "PropertiesFileEditor", "PropertiesFileEditor\PropertiesFileEditor.csproj", "{ADA0EDC4-0EB3-40DE-B2D7-EF52755314BC}"
EndProject
Global
	GlobalSection(SolutionConfigurationPlatforms) = preSolution
		Debug|Any CPU = Debug|Any CPU
		Release|Any CPU = Release|Any CPU
	EndGlobalSection
	GlobalSection(ProjectConfigurationPlatforms) = postSolution
		{ADA0EDC4-0EB3-40DE-B2D7-EF52755314BC}.Debug|Any CPU.ActiveCfg = Debug|Any CPU
		{ADA0EDC4-0EB3-40DE-B2D7-EF52755314BC}.Debug|Any CPU.Build.0 = Debug|Any CPU
		{ADA0EDC4-0EB3-40DE-B2D7-EF52755314BC}.Release|Any CPU.ActiveCfg = Release|Any CPU
		{ADA0EDC4-0EB3-40DE-B2D7-EF52755314BC}.Release|Any CPU.Build.0 = Release|Any CPU
	EndGlobalSection
	GlobalSection(SolutionProperties) = preSolution
		HideSolutionNode = FALSE
	EndGlobalSection
	GlobalSection(ExtensibilityGlobals) = postSolution
		SolutionGuid = {DCC71275-16F3-45C3-B55E-169C8A2044F8}
	EndGlobalSection
EndGlobal
